PODS:
  - Alamofire (4.2.0)
  - AlamofireSwiftyJSON (0.2.0):
    - Alamofire (~> 4.0)
    - SwiftyJSON (~> 3.1)
  - GoogleMaps (2.1.1):
    - GoogleMaps/Maps (= 2.1.1)
  - GoogleMaps/Base (2.1.1)
  - GoogleMaps/Maps (2.1.1):
    - GoogleMaps/Base
  - GooglePlaces (2.1.1):
    - GoogleMaps/Base (= 2.1.1)
  - IQKeyboardManager (4.0.7)
  - SwiftyJSON (3.1.3)

DEPENDENCIES:
  - Alamofire (~> 4.2.0)
  - AlamofireSwiftyJSON
  - GoogleMaps
  - GooglePlaces
  - IQKeyboardManager

SPEC CHECKSUMS:
  Alamofire: aa2e09d871c9160ac53c90e83c68064a94e3dfbe
  AlamofireSwiftyJSON: 5a49196b8b061e32f5ebc84fa0815300bd8a974e
  GoogleMaps: a5b5bbe47734e2443bde781a6aa64e69fdb6d785
  GooglePlaces: 35636d86e5020cba3856eb988c09a5491de0a65a
  IQKeyboardManager: 69002bb4fea60596b710e57d426abc00e5063630
  SwiftyJSON: 38a8ea2006779c0fc4c310cb2ee8195327740faf

PODFILE CHECKSUM: f275f0f0ddd761c108690defe22ba4641152aff2

COCOAPODS: 1.4.0
